
Microsoft Visual Studio Solution File, Format Version 12.00
# Visual Studio Version 17
VisualStudioVersion = 17.13.35931.197 d17.13
MinimumVisualStudioVersion = 10.0.40219.1
Project("{FAE04EC0-301F-11D3-BF4B-00C04F79EFBC}") = "SagaOrchestrator", "SagaOrchestrator\SagaOrchestrator.csproj", "{B23CBB7C-A08B-4BA3-8584-D33E9DF60AAB}"
EndProject
Global
	GlobalSection(SolutionConfigurationPlatforms) = preSolution
		Debug|Any CPU = Debug|Any CPU
		Release|Any CPU = Release|Any CPU
	EndGlobalSection
	GlobalSection(ProjectConfigurationPlatforms) = postSolution
		{B23CBB7C-A08B-4BA3-8584-D33E9DF60AAB}.Debug|Any CPU.ActiveCfg = Debug|Any CPU
		{B23CBB7C-A08B-4BA3-8584-D33E9DF60AAB}.Debug|Any CPU.Build.0 = Debug|Any CPU
		{B23CBB7C-A08B-4BA3-8584-D33E9DF60AAB}.Release|Any CPU.ActiveCfg = Release|Any CPU
		{B23CBB7C-A08B-4BA3-8584-D33E9DF60AAB}.Release|Any CPU.Build.0 = Release|Any CPU
	EndGlobalSection
	GlobalSection(SolutionProperties) = preSolution
		HideSolutionNode = FALSE
	EndGlobalSection
	GlobalSection(ExtensibilityGlobals) = postSolution
		SolutionGuid = {4A22A1E1-31F7-49A6-9458-46F5A4F1AF93}
	EndGlobalSection
EndGlobal
